{
  "name": "Bingo",
  "lockfileVersion": 3,
  "requires": true,
  "packages": {
    "": {
      "dependencies": {
        "@alien_org/bridge": "^0.2.4",
        "@alien_org/react": "^0.2.7"
      }
    },
    "node_modules/@alien_org/bridge": {
      "version": "0.2.4",
      "resolved": "https://registry.npmjs.org/@alien_org/bridge/-/bridge-0.2.4.tgz",
      "integrity": "sha512-mOrnnsLxq+ZX0QBD1Zo4+s7g4Xs2oehVKn22/m3Av4LE9J6tDSSFCk+jbyY6JBcJgcUk+tut9Af3tkqQ7d0ksw==",
      "dependencies": {
        "@alien_org/contract": "0.2.3",
        "emittery": "^1.2.0"
      },
      "peerDependencies": {
        "typescript": "^5"
      }
    },
    "node_modules/@alien_org/contract": {
      "version": "0.2.3",
      "resolved": "https://registry.npmjs.org/@alien_org/contract/-/contract-0.2.3.tgz",
      "integrity": "sha512-Zf2q/8B40hNe3u2gT/nrZRv7PqVn4lJ6e8TbQIbouMIpHBdlPqMhgvKG5I8ayXYrptDyGy6Wmy+yRDWlke4J/Q==",
      "peerDependencies": {
        "typescript": "^5"
      }
    },
    "node_modules/@alien_org/react": {
      "version": "0.2.7",
      "resolved": "https://registry.npmjs.org/@alien_org/react/-/react-0.2.7.tgz",
      "integrity": "sha512-s6QL76rO3B/T7e5XlE4J+zhQ3PoTjUX5u9daoTBPn2RyCzf86ocdNJR2Nx2bEL4TccADOz8k0+zeROUsI34JGw==",
      "dependencies": {
        "@alien_org/bridge": "0.2.4",
        "@alien_org/contract": "0.2.3"
      },
      "peerDependencies": {
        "react": "^18 || ^19",
        "typescript": "^5"
      }
    },
    "node_modules/emittery": {
      "version": "1.2.0",
      "resolved": "https://registry.npmjs.org/emittery/-/emittery-1.2.0.tgz",
      "integrity": "sha512-KxdRyyFcS85pH3dnU8Y5yFUm2YJdaHwcBZWrfG8o89ZY9a13/f9itbN+YG3ELbBo9Pg5zvIozstmuV8bX13q6g==",
      "license": "MIT",
      "engines": {
        "node": ">=14.16"
      },
      "funding": {
        "url": "https://github.com/sindresorhus/emittery?sponsor=1"
      }
    },
    "node_modules/react": {
      "version": "19.2.4",
      "resolved": "https://registry.npmjs.org/react/-/react-19.2.4.tgz",
      "integrity": "sha512-9nfp2hYpCwOjAN+8TZFGhtWEwgvWHXqESH8qT89AT/lWklpLON22Lc8pEtnpsZz7VmawabSU0gCjnj8aC0euHQ==",
      "license": "MIT",
      "peer": true,
      "engines": {
        "node": ">=0.10.0"
      }
    },
    "node_modules/typescript": {
      "version": "5.9.3",
      "resolved": "https://registry.npmjs.org/typescript/-/typescript-5.9.3.tgz",
      "integrity": "sha512-jl1vZzPDinLr9eUt3J/t7V6FgNEw9QjvBPdysz9KfQDD41fQrC2Y4vKQdiaUpFT4bXlb1RHhLpp8wtm6M5TgSw==",
      "license": "Apache-2.0",
      "peer": true,
      "bin": {
        "tsc": "bin/tsc",
        "tsserver": "bin/tsserver"
      },
      "engines": {
        "node": ">=14.17"
      }
    }
  }
}
